// !$*UTF8*$!
{
	archiveVersion = 1;
	classes = {
	};
	objectVersion = 48;
	objects = {

/* Begin PBXBuildFile section */
		2E35A35BAD0547B903F77679 /* Pods_OpenInMap.framework in Frameworks */ = {isa = PBXBuildFile; fileRef = 8DFE9974B5B42F7598E26979 /* Pods_OpenInMap.framework */; };
		31517456205C268A0078F4E5 /* AppDelegate.swift in Sources */ = {isa = PBXBuildFile; fileRef = 31517455205C268A0078F4E5 /* AppDelegate.swift */; };
		31517458205C268A0078F4E5 /* ViewController.swift in Sources */ = {isa = PBXBuildFile; fileRef = 31517457205C268A0078F4E5 /* ViewController.swift */; };
		3151745B205C268A0078F4E5 /* Main.storyboard in Resources */ = {isa = PBXBuildFile; fileRef = 31517459205C268A0078F4E5 /* Main.storyboard */; };
		3151745D205C268A0078F4E5 /* Assets.xcassets in Resources */ = {isa = PBXBuildFile; fileRef = 3151745C205C268A0078F4E5 /* Assets.xcassets */; };
		31517460205C268A0078F4E5 /* LaunchScreen.storyboard in Resources */ = {isa = PBXBuildFile; fileRef = 3151745E205C268A0078F4E5 /* LaunchScreen.storyboard */; };
/* End PBXBuildFile section */

/* Begin PBXFileReference section */
		31517452205C268A0078F4E5 /* OpenInMap.app */ = {isa = PBXFileReference; explicitFileType = wrapper.application; includeInIndex = 0; path = OpenInMap.app; sourceTree = BUILT_PRODUCTS_DIR; };
		31517455205C268A0078F4E5 /* AppDelegate.swift */ = {isa = PBXFileReference; lastKnownFileType = sourcecode.swift; path = AppDelegate.swift; sourceTree = "<group>"; };
		31517457205C268A0078F4E5 /* ViewController.swift */ = {isa = PBXFileReference; lastKnownFileType = sourcecode.swift; path = ViewController.swift; sourceTree = "<group>"; };
		3151745A205C268A0078F4E5 /* Base */ = {isa = PBXFileReference; lastKnownFileType = file.storyboard; name = Base; path = Base.lproj/Main.storyboard; sourceTree = "<group>"; };
		3151745C205C268A0078F4E5 /* Assets.xcassets */ = {isa = PBXFileReference; lastKnownFileType = folder.assetcatalog; path = Assets.xcassets; sourceTree = "<group>"; };
		3151745F205C268A0078F4E5 /* Base */ = {isa = PBXFileReference; lastKnownFileType = file.storyboard; name = Base; path = Base.lproj/LaunchScreen.storyboard; sourceTree = "<group>"; };
		31517461205C268A0078F4E5 /* Info.plist */ = {isa = PBXFileReference; lastKnownFileType = text.plist.xml; path = Info.plist; sourceTree = "<group>"; };
		687F25726047A9E7CFE02670 /* Pods-OpenInMap.release.xcconfig */ = {isa = PBXFileReference; includeInIndex = 1; lastKnownFileType = text.xcconfig; name = "Pods-OpenInMap.release.xcconfig"; path = "Pods/Target Support Files/Pods-OpenInMap/Pods-OpenInMap.release.xcconfig"; sourceTree = "<group>"; };
		8DFE9974B5B42F7598E26979 /* Pods_OpenInMap.framework */ = {isa = PBXFileReference; explicitFileType = wrapper.framework; includeInIndex = 0; path = Pods_OpenInMap.framework; sourceTree = BUILT_PRODUCTS_DIR; };
		F345F684112A056362B8D8C6 /* Pods-OpenInMap.debug.xcconfig */ = {isa = PBXFileReference; includeInIndex = 1; lastKnownFileType = text.xcconfig; name = "Pods-OpenInMap.debug.xcconfig"; path = "Pods/Target Support Files/Pods-OpenInMap/Pods-OpenInMap.debug.xcconfig"; sourceTree = "<group>"; };
/* End PBXFileReference section */

/* Begin PBXFrameworksBuildPhase section */
		3151744F205C268A0078F4E5 /* Frameworks */ = {
			isa = PBXFrameworksBuildPhase;
			buildActionMask = 2147483647;
			files = (
				2E35A35BAD0547B903F77679 /* Pods_OpenInMap.framework in Frameworks */,
			);
			runOnlyForDeploymentPostprocessing = 0;
		};
/* End PBXFrameworksBuildPhase section */

/* Begin PBXGroup section */
		31517449205C268A0078F4E5 = {
			isa = PBXGroup;
			children = (
				31517454205C268A0078F4E5 /* OpenInMap */,
				31517453205C268A0078F4E5 /* Products */,
				880E0D760CF04524FFE2124D /* Pods */,
				EC53720FE5B214CF774A0EF5 /* Frameworks */,
			);
			sourceTree = "<group>";
		};
		31517453205C268A0078F4E5 /* Products */ = {
			isa = PBXGroup;
			children = (
				31517452205C268A0078F4E5 /* OpenInMap.app */,
			);
			name = Products;
			sourceTree = "<group>";
		};
		31517454205C268A0078F4E5 /* OpenInMap */ = {
			isa = PBXGroup;
			children = (
				31517455205C268A0078F4E5 /* AppDelegate.swift */,
				31517457205C268A0078F4E5 /* ViewController.swift */,
				31517459205C268A0078F4E5 /* Main.storyboard */,
				3151745C205C268A0078F4E5 /* Assets.xcassets */,
				3151745E205C268A0078F4E5 /* LaunchScreen.storyboard */,
				31517461205C268A0078F4E5 /* Info.plist */,
			);
			path = OpenInMap;
			sourceTree = "<group>";
		};
		880E0D760CF04524FFE2124D /* Pods */ = {
			isa = PBXGroup;
			children = (
				F345F684112A056362B8D8C6 /* Pods-OpenInMap.debug.xcconfig */,
				687F25726047A9E7CFE02670 /* Pods-OpenInMap.release.xcconfig */,
			);
			name = Pods;
			sourceTree = "<group>";
		};
		EC53720FE5B214CF774A0EF5 /* Frameworks */ = {
			isa = PBXGroup;
			children = (
				8DFE9974B5B42F7598E26979 /* Pods_OpenInMap.framework */,
			);
			name = Frameworks;
			sourceTree = "<group>";
		};
/* End PBXGroup section */

/* Begin PBXNativeTarget section */
		31517451205C268A0078F4E5 /* OpenInMap */ = {
			isa = PBXNativeTarget;
			buildConfigurationList = 31517464205C268A0078F4E5 /* Build configuration list for PBXNativeTarget "OpenInMap" */;
			buildPhases = (
				B1F0FDA12CDAF81BCB7F6CA1 /* [CP] Check Pods Manifest.lock */,
				3151744E205C268A0078F4E5 /* Sources */,
				3151744F205C268A0078F4E5 /* Frameworks */,
				31517450205C268A0078F4E5 /* Resources */,
				CB508468E11E8BDFEABA8370 /* [CP] Embed Pods Frameworks */,
				49DF21A9DAA2CCE67AACC97B /* [CP] Copy Pods Resources */,
			);
			buildRules = (
			);
			dependencies = (
			);
			name = OpenInMap;
			productName = OpenInMap;
			productReference = 31517452205C268A0078F4E5 /* OpenInMap.app */;
			productType = "com.apple.product-type.application";
		};
/* End PBXNativeTarget section */

/* Begin PBXProject section */
		3151744A205C268A0078F4E5 /* Project object */ = {
			isa = PBXProject;
			attributes = {
				LastSwiftUpdateCheck = 0920;
				LastUpgradeCheck = 0920;
				ORGANIZATIONNAME = cano;
				TargetAttributes = {
					31517451205C268A0078F4E5 = {
						CreatedOnToolsVersion = 9.2;
						ProvisioningStyle = Automatic;
					};
				};
			};
			buildConfigurationList = 3151744D205C268A0078F4E5 /* Build configuration list for PBXProject "OpenInMap" */;
			compatibilityVersion = "Xcode 8.0";
			developmentRegion = en;
			hasScannedForEncodings = 0;
			knownRegions = (
				en,
				Base,
			);
			mainGroup = 31517449205C268A0078F4E5;
			productRefGroup = 31517453205C268A0078F4E5 /* Products */;
			projectDirPath = "";
			projectRoot = "";
			targets = (
				31517451205C268A0078F4E5 /* OpenInMap */,
			);
		};
/* End PBXProject section */

/* Begin PBXResourcesBuildPhase section */
		31517450205C268A0078F4E5 /* Resources */ = {
			isa = PBXResourcesBuildPhase;
			buildActionMask = 2147483647;
			files = (
				31517460205C268A0078F4E5 /* LaunchScreen.storyboard in Resources */,
				3151745D205C268A0078F4E5 /* Assets.xcassets in Resources */,
				3151745B205C268A0078F4E5 /* Main.storyboard in Resources */,
			);
			runOnlyForDeploymentPostprocessing = 0;
		};
/* End PBXResourcesBuildPhase section */

/* Begin PBXShellScriptBuildPhase section */
		49DF21A9DAA2CCE67AACC97B /* [CP] Copy Pods Resources */ = {
			isa = PBXShellScriptBuildPhase;
			buildActionMask = 2147483647;
			files = (
			);
			inputPaths = (
			);
			name = "[CP] Copy Pods Resources";
			outputPaths = (
			);
			runOnlyForDeploymentPostprocessing = 0;
			shellPath = /bin/sh;
			shellScript = "\"${SRCROOT}/Pods/Target Support Files/Pods-OpenInMap/Pods-OpenInMap-resources.sh\"\n";
			showEnvVarsInLog = 0;
		};
		B1F0FDA12CDAF81BCB7F6CA1 /* [CP] Check Pods Manifest.lock */ = {
			isa = PBXShellScriptBuildPhase;
			buildActionMask = 2147483647;
			files = (
			);
			inputPaths = (
				"${PODS_PODFILE_DIR_PATH}/Podfile.lock",
				"${PODS_ROOT}/Manifest.lock",
			);
			name = "[CP] Check Pods Manifest.lock";
			outputPaths = (
				"$(DERIVED_FILE_DIR)/Pods-OpenInMap-checkManifestLockResult.txt",
			);
			runOnlyForDeploymentPostprocessing = 0;
			shellPath = /bin/sh;
			shellScript = "diff \"${PODS_PODFILE_DIR_PATH}/Podfile.lock\" \"${PODS_ROOT}/Manifest.lock\" > /dev/null\nif [ $? != 0 ] ; then\n    # print error to STDERR\n    echo \"error: The sandbox is not in sync with the Podfile.lock. Run 'pod install' or update your CocoaPods installation.\" >&2\n    exit 1\nfi\n# This output is used by Xcode 'outputs' to avoid re-running this script phase.\necho \"SUCCESS\" > \"${SCRIPT_OUTPUT_FILE_0}\"\n";
			showEnvVarsInLog = 0;
		};
		CB508468E11E8BDFEABA8370 /* [CP] Embed Pods Frameworks */ = {
			isa = PBXShellScriptBuildPhase;
			buildActionMask = 2147483647;
			files = (
			);
			inputPaths = (
				"${SRCROOT}/Pods/Target Support Files/Pods-OpenInMap/Pods-OpenInMap-frameworks.sh",
				"${BUILT_PRODUCTS_DIR}/NSObject+Rx/NSObject_Rx.framework",
				"${BUILT_PRODUCTS_DIR}/RxCocoa/RxCocoa.framework",
				"${BUILT_PRODUCTS_DIR}/RxSwift/RxSwift.framework",
			);
			name = "[CP] Embed Pods Frameworks";
			outputPaths = (
				"${TARGET_BUILD_DIR}/${FRAMEWORKS_FOLDER_PATH}/NSObject_Rx.framework",
				"${TARGET_BUILD_DIR}/${FRAMEWORKS_FOLDER_PATH}/RxCocoa.framework",
				"${TARGET_BUILD_DIR}/${FRAMEWORKS_FOLDER_PATH}/RxSwift.framework",
			);
			runOnlyForDeploymentPostprocessing = 0;
			shellPath = /bin/sh;
			shellScript = "\"${SRCROOT}/Pods/Target Support Files/Pods-OpenInMap/Pods-OpenInMap-frameworks.sh\"\n";
			showEnvVarsInLog = 0;
		};
/* End PBXShellScriptBuildPhase section */

/* Begin PBXSourcesBuildPhase section */
		3151744E205C268A0078F4E5 /* Sources */ = {
			isa = PBXSourcesBuildPhase;
			buildActionMask = 2147483647;
			files = (
				31517458205C268A0078F4E5 /* ViewController.swift in Sources */,
				31517456205C268A0078F4E5 /* AppDelegate.swift in Sources */,
			);
			runOnlyForDeploymentPostprocessing = 0;
		};
/* End PBXSourcesBuildPhase section */

/* Begin PBXVariantGroup section */
		31517459205C268A0078F4E5 /* Main.storyboard */ = {
			isa = PBXVariantGroup;
			children = (
				3151745A205C268A0078F4E5 /* Base */,
			);
			name = Main.storyboard;
			sourceTree = "<group>";
		};
		3151745E205C268A0078F4E5 /* LaunchScreen.storyboard */ = {
			isa = PBXVariantGroup;
			children = (
				3151745F205C268A0078F4E5 /* Base */,
			);
			name = LaunchScreen.storyboard;
			sourceTree = "<group>";
		};
/* End PBXVariantGroup section */

/* Begin XCBuildConfiguration section */
		31517462205C268A0078F4E5 /* Debug */ = {
			isa = XCBuildConfiguration;
			buildSettings = {
				ALWAYS_SEARCH_USER_PATHS = NO;
				CLANG_ANALYZER_NONNULL = YES;
				CLANG_ANALYZER_NUMBER_OBJECT_CONVERSION = YES_AGGRESSIVE;
				CLANG_CXX_LANGUAGE_STANDARD = "gnu++14";
				CLANG_CXX_LIBRARY = "libc++";
				CLANG_ENABLE_MODULES = YES;
				CLANG_ENABLE_OBJC_ARC = YES;
				CLANG_WARN_BLOCK_CAPTURE_AUTORELEASING = YES;
				CLANG_WARN_BOOL_CONVERSION = YES;
				CLANG_WARN_COMMA = YES;
				CLANG_WARN_CONSTANT_CONVERSION = YES;
				CLANG_WARN_DIRECT_OBJC_ISA_USAGE = YES_ERROR;
				CLANG_WARN_DOCUMENTATION_COMMENTS = YES;
				CLANG_WARN_EMPTY_BODY = YES;
				CLANG_WARN_ENUM_CONVERSION = YES;
				CLANG_WARN_INFINITE_RECURSION = YES;
				CLANG_WARN_INT_CONVERSION = YES;
				CLANG_WARN_NON_LITERAL_NULL_CONVERSION = YES;
				CLANG_WARN_OBJC_LITERAL_CONVERSION = YES;
				CLANG_WARN_OBJC_ROOT_CLASS = YES_ERROR;
				CLANG_WARN_RANGE_LOOP_ANALYSIS = YES;
				CLANG_WARN_STRICT_PROTOTYPES = YES;
				CLANG_WARN_SUSPICIOUS_MOVE = YES;
				CLANG_WARN_UNGUARDED_AVAILABILITY = YES_AGGRESSIVE;
				CLANG_WARN_UNREACHABLE_CODE = YES;
				CLANG_WARN__DUPLICATE_METHOD_MATCH = YES;
				CODE_SIGN_IDENTITY = "iPhone Developer";
				COPY_PHASE_STRIP = NO;
				DEBUG_INFORMATION_FORMAT = dwarf;
				ENABLE_STRICT_OBJC_MSGSEND = YES;
				ENABLE_TESTABILITY = YES;
				GCC_C_LANGUAGE_STANDARD = gnu11;
				GCC_DYNAMIC_NO_PIC = NO;
				GCC_NO_COMMON_BLOCKS = YES;
				GCC_OPTIMIZATION_LEVEL = 0;
				GCC_PREPROCESSOR_DEFINITIONS = (
					"DEBUG=1",
					"$(inherited)",
				);
				GCC_WARN_64_TO_32_BIT_CONVERSION = YES;
				GCC_WARN_ABOUT_RETURN_TYPE = YES_ERROR;
				GCC_WARN_UNDECLARED_SELECTOR = YES;
				GCC_WARN_UNINITIALIZED_AUTOS = YES_AGGRESSIVE;
				GCC_WARN_UNUSED_FUNCTION = YES;
				GCC_WARN_UNUSED_VARIABLE = YES;
				IPHONEOS_DEPLOYMENT_TARGET = 11.2;
				MTL_ENABLE_DEBUG_INFO = YES;
				ONLY_ACTIVE_ARCH = YES;
				SDKROOT = iphoneos;
				SWIFT_ACTIVE_COMPILATION_CONDITIONS = DEBUG;
				SWIFT_OPTIMIZATION_LEVEL = "-Onone";
			};
			name = Debug;
		};
		31517463205C268A0078F4E5 /* Release */ = {
			isa = XCBuildConfiguration;
			buildSettings = {
				ALWAYS_SEARCH_USER_PATHS = NO;
				CLANG_ANALYZER_NONNULL = YES;
				CLANG_ANALYZER_NUMBER_OBJECT_CONVERSION = YES_AGGRESSIVE;
				CLANG_CXX_LANGUAGE_STANDARD = "gnu++14";
				CLANG_CXX_LIBRARY = "libc++";
				CLANG_ENABLE_MODULES = YES;
				CLANG_ENABLE_OBJC_ARC = YES;
				CLANG_WARN_BLOCK_CAPTURE_AUTORELEASING = YES;
				CLANG_WARN_BOOL_CONVERSION = YES;
				CLANG_WARN_COMMA = YES;
				CLANG_WARN_CONSTANT_CONVERSION = YES;
				CLANG_WARN_DIRECT_OBJC_ISA_USAGE = YES_ERROR;
				CLANG_WARN_DOCUMENTATION_COMMENTS = YES;
				CLANG_WARN_EMPTY_BODY = YES;
				CLANG_WARN_ENUM_CONVERSION = YES;
				CLANG_WARN_INFINITE_RECURSION = YES;
				CLANG_WARN_INT_CONVERSION = YES;
				CLANG_WARN_NON_LITERAL_NULL_CONVERSION = YES;
				CLANG_WARN_OBJC_LITERAL_CONVERSION = YES;
				CLANG_WARN_OBJC_ROOT_CLASS = YES_ERROR;
				CLANG_WARN_RANGE_LOOP_ANALYSIS = YES;
				CLANG_WARN_STRICT_PROTOTYPES = YES;
				CLANG_WARN_SUSPICIOUS_MOVE = YES;
				CLANG_WARN_UNGUARDED_AVAILABILITY = YES_AGGRESSIVE;
				CLANG_WARN_UNREACHABLE_CODE = YES;
				CLANG_WARN__DUPLICATE_METHOD_MATCH = YES;
				CODE_SIGN_IDENTITY = "iPhone Developer";
				COPY_PHASE_STRIP = NO;
				DEBUG_INFORMATION_FORMAT = "dwarf-with-dsym";
				ENABLE_NS_ASSERTIONS = NO;
				ENABLE_STRICT_OBJC_MSGSEND = YES;
				GCC_C_LANGUAGE_STANDARD = gnu11;
				GCC_NO_COMMON_BLOCKS = YES;
				GCC_WARN_64_TO_32_BIT_CONVERSION = YES;
				GCC_WARN_ABOUT_RETURN_TYPE = YES_ERROR;
				GCC_WARN_UNDECLARED_SELECTOR = YES;
				GCC_WARN_UNINITIALIZED_AUTOS = YES_AGGRESSIVE;
				GCC_WARN_UNUSED_FUNCTION = YES;
				GCC_WARN_UNUSED_VARIABLE = YES;
				IPHONEOS_DEPLOYMENT_TARGET = 11.2;
				MTL_ENABLE_DEBUG_INFO = NO;
				SDKROOT = iphoneos;
				SWIFT_OPTIMIZATION_LEVEL = "-Owholemodule";
				VALIDATE_PRODUCT = YES;
			};
			name = Release;
		};
		31517465205C268A0078F4E5 /* Debug */ = {
			isa = XCBuildConfiguration;
			baseConfigurationReference = F345F684112A056362B8D8C6 /* Pods-OpenInMap.debug.xcconfig */;
			buildSettings = {
				ASSETCATALOG_COMPILER_APPICON_NAME = AppIcon;
				CODE_SIGN_STYLE = Automatic;
				DEVELOPMENT_TEAM = "";
				INFOPLIST_FILE = OpenInMap/Info.plist;
				LD_RUNPATH_SEARCH_PATHS = "$(inherited) @executable_path/Frameworks";
				PRODUCT_BUNDLE_IDENTIFIER = deskplate.OpenInMap;
				PRODUCT_NAME = "$(TARGET_NAME)";
				SWIFT_VERSION = 4.0;
				TARGETED_DEVICE_FAMILY = "1,2";
			};
			name = Debug;
		};
		31517466205C268A0078F4E5 /* Release */ = {
			isa = XCBuildConfiguration;
			baseConfigurationReference = 687F25726047A9E7CFE02670 /* Pods-OpenInMap.release.xcconfig */;
			buildSettings = {
				ASSETCATALOG_COMPILER_APPICON_NAME = AppIcon;
				CODE_SIGN_STYLE = Automatic;
				DEVELOPMENT_TEAM = "";
				INFOPLIST_FILE = OpenInMap/Info.plist;
				LD_RUNPATH_SEARCH_PATHS = "$(inherited) @executable_path/Frameworks";
				PRODUCT_BUNDLE_IDENTIFIER = deskplate.OpenInMap;
				PRODUCT_NAME = "$(TARGET_NAME)";
				SWIFT_VERSION = 4.0;
				TARGETED_DEVICE_FAMILY = "1,2";
			};
			name = Release;
		};
/* End XCBuildConfiguration section */

/* Begin XCConfigurationList section */
		3151744D205C268A0078F4E5 /* Build configuration list for PBXProject "OpenInMap" */ = {
			isa = XCConfigurationList;
			buildConfigurations = (
				31517462205C268A0078F4E5 /* Debug */,
				31517463205C268A0078F4E5 /* Release */,
			);
			defaultConfigurationIsVisible = 0;
			defaultConfigurationName = Release;
		};
		31517464205C268A0078F4E5 /* Build configuration list for PBXNativeTarget "OpenInMap" */ = {
			isa = XCConfigurationList;
			buildConfigurations = (
				31517465205C268A0078F4E5 /* Debug */,
				31517466205C268A0078F4E5 /* Release */,
			);
			defaultConfigurationIsVisible = 0;
			defaultConfigurationName = Release;
		};
/* End XCConfigurationList section */
	};
	rootObject = 3151744A205C268A0078F4E5 /* Project object */;
}
